
Microsoft Visual Studio Solution File, Format Version 12.00
# Visual Studio Version 17
VisualStudioVersion = 17.6.33829.357
MinimumVisualStudioVersion = 10.0.40219.1
Project("{9A19103F-16F7-4668-BE54-9A1E7A4F7556}") = "Online_Auction", "Online_Auction\Online_Auction.csproj", "{8E50788A-F92D-4F6C-8D6C-F51080C4068D}"
EndProject
Global
	GlobalSection(SolutionConfigurationPlatforms) = preSolution
		Debug|Any CPU = Debug|Any CPU
		Release|Any CPU = Release|Any CPU
	EndGlobalSection
	GlobalSection(ProjectConfigurationPlatforms) = postSolution
		{8E50788A-F92D-4F6C-8D6C-F51080C4068D}.Debug|Any CPU.ActiveCfg = Debug|Any CPU
		{8E50788A-F92D-4F6C-8D6C-F51080C4068D}.Debug|Any CPU.Build.0 = Debug|Any CPU
		{8E50788A-F92D-4F6C-8D6C-F51080C4068D}.Release|Any CPU.ActiveCfg = Release|Any CPU
		{8E50788A-F92D-4F6C-8D6C-F51080C4068D}.Release|Any CPU.Build.0 = Release|Any CPU
	EndGlobalSection
	GlobalSection(SolutionProperties) = preSolution
		HideSolutionNode = FALSE
	EndGlobalSection
	GlobalSection(ExtensibilityGlobals) = postSolution
		SolutionGuid = {F0E328F2-EE07-421E-B828-2F6D9A234309}
	EndGlobalSection
EndGlobal
